
Microsoft Visual Studio Solution File, Format Version 12.00
# Visual Studio Version 16
VisualStudioVersion = 16.0.29920.165
MinimumVisualStudioVersion = 10.0.40219.1
Project("{FAE04EC0-301F-11D3-BF4B-00C04F79EFBC}") = "Prvi_Drugi", "Prvi_Drugi.csproj", "{35C945D4-4103-49F2-ACE3-CECF4850CD79}"
EndProject
Project("{FAE04EC0-301F-11D3-BF4B-00C04F79EFBC}") = "Treci", "..\Treci\Treci.csproj", "{D7E81E92-B5B5-4A17-97BD-CFA64CE737A7}"
EndProject
Global
	GlobalSection(SolutionConfigurationPlatforms) = preSolution
		Debug|Any CPU = Debug|Any CPU
		Release|Any CPU = Release|Any CPU
	EndGlobalSection
	GlobalSection(ProjectConfigurationPlatforms) = postSolution
		{35C945D4-4103-49F2-ACE3-CECF4850CD79}.Debug|Any CPU.ActiveCfg = Debug|Any CPU
		{35C945D4-4103-49F2-ACE3-CECF4850CD79}.Debug|Any CPU.Build.0 = Debug|Any CPU
		{35C945D4-4103-49F2-ACE3-CECF4850CD79}.Release|Any CPU.ActiveCfg = Release|Any CPU
		{35C945D4-4103-49F2-ACE3-CECF4850CD79}.Release|Any CPU.Build.0 = Release|Any CPU
		{D7E81E92-B5B5-4A17-97BD-CFA64CE737A7}.Debug|Any CPU.ActiveCfg = Debug|Any CPU
		{D7E81E92-B5B5-4A17-97BD-CFA64CE737A7}.Debug|Any CPU.Build.0 = Debug|Any CPU
		{D7E81E92-B5B5-4A17-97BD-CFA64CE737A7}.Release|Any CPU.ActiveCfg = Release|Any CPU
		{D7E81E92-B5B5-4A17-97BD-CFA64CE737A7}.Release|Any CPU.Build.0 = Release|Any CPU
	EndGlobalSection
	GlobalSection(SolutionProperties) = preSolution
		HideSolutionNode = FALSE
	EndGlobalSection
	GlobalSection(ExtensibilityGlobals) = postSolution
		SolutionGuid = {C024EBC1-4C11-4FED-8D43-ABBD03B0B949}
	EndGlobalSection
EndGlobal
